
Microsoft Visual Studio Solution File, Format Version 12.00
# Visual Studio 15
VisualStudioVersion = 15.0.28307.1209
MinimumVisualStudioVersion = 10.0.40219.1
Project("{9A19103F-16F7-4668-BE54-9A1E7A4F7556}") = "RulesEngineUI", "RulesEngine\RulesEngineUI.csproj", "{E9A63C86-8881-4AB6-A9E4-2BD36D971D48}"
EndProject
Project("{9A19103F-16F7-4668-BE54-9A1E7A4F7556}") = "PaymentGatewayService", "PaymentGateway\PaymentGatewayService.csproj", "{9F5E4711-8353-4135-BD4C-3A0E9383C4D7}"
EndProject
Project("{FAE04EC0-301F-11D3-BF4B-00C04F79EFBC}") = "Database", "Database\Database.csproj", "{C19E5953-F6B8-48C3-A2B7-9D921C31884D}"
EndProject
Project("{9A19103F-16F7-4668-BE54-9A1E7A4F7556}") = "Models", "Models\Models.csproj", "{44A4BA06-8D30-4DA4-8F40-C9C898C34C5E}"
EndProject
Project("{9A19103F-16F7-4668-BE54-9A1E7A4F7556}") = "Business", "Business\Business.csproj", "{11580A14-A77D-4E57-A53C-4CE5A6848139}"
EndProject
Global
	GlobalSection(SolutionConfigurationPlatforms) = preSolution
		Debug|Any CPU = Debug|Any CPU
		Release|Any CPU = Release|Any CPU
	EndGlobalSection
	GlobalSection(ProjectConfigurationPlatforms) = postSolution
		{E9A63C86-8881-4AB6-A9E4-2BD36D971D48}.Debug|Any CPU.ActiveCfg = Debug|Any CPU
		{E9A63C86-8881-4AB6-A9E4-2BD36D971D48}.Debug|Any CPU.Build.0 = Debug|Any CPU
		{E9A63C86-8881-4AB6-A9E4-2BD36D971D48}.Release|Any CPU.ActiveCfg = Release|Any CPU
		{E9A63C86-8881-4AB6-A9E4-2BD36D971D48}.Release|Any CPU.Build.0 = Release|Any CPU
		{9F5E4711-8353-4135-BD4C-3A0E9383C4D7}.Debug|Any CPU.ActiveCfg = Debug|Any CPU
		{9F5E4711-8353-4135-BD4C-3A0E9383C4D7}.Debug|Any CPU.Build.0 = Debug|Any CPU
		{9F5E4711-8353-4135-BD4C-3A0E9383C4D7}.Release|Any CPU.ActiveCfg = Release|Any CPU
		{9F5E4711-8353-4135-BD4C-3A0E9383C4D7}.Release|Any CPU.Build.0 = Release|Any CPU
		{C19E5953-F6B8-48C3-A2B7-9D921C31884D}.Debug|Any CPU.ActiveCfg = Debug|Any CPU
		{C19E5953-F6B8-48C3-A2B7-9D921C31884D}.Debug|Any CPU.Build.0 = Debug|Any CPU
		{C19E5953-F6B8-48C3-A2B7-9D921C31884D}.Release|Any CPU.ActiveCfg = Release|Any CPU
		{C19E5953-F6B8-48C3-A2B7-9D921C31884D}.Release|Any CPU.Build.0 = Release|Any CPU
		{44A4BA06-8D30-4DA4-8F40-C9C898C34C5E}.Debug|Any CPU.ActiveCfg = Debug|Any CPU
		{44A4BA06-8D30-4DA4-8F40-C9C898C34C5E}.Debug|Any CPU.Build.0 = Debug|Any CPU
		{44A4BA06-8D30-4DA4-8F40-C9C898C34C5E}.Release|Any CPU.ActiveCfg = Release|Any CPU
		{44A4BA06-8D30-4DA4-8F40-C9C898C34C5E}.Release|Any CPU.Build.0 = Release|Any CPU
		{11580A14-A77D-4E57-A53C-4CE5A6848139}.Debug|Any CPU.ActiveCfg = Debug|Any CPU
		{11580A14-A77D-4E57-A53C-4CE5A6848139}.Debug|Any CPU.Build.0 = Debug|Any CPU
		{11580A14-A77D-4E57-A53C-4CE5A6848139}.Release|Any CPU.ActiveCfg = Release|Any CPU
		{11580A14-A77D-4E57-A53C-4CE5A6848139}.Release|Any CPU.Build.0 = Release|Any CPU
	EndGlobalSection
	GlobalSection(SolutionProperties) = preSolution
		HideSolutionNode = FALSE
	EndGlobalSection
	GlobalSection(ExtensibilityGlobals) = postSolution
		SolutionGuid = {416F5675-6969-4172-9B2F-D84B748AC634}
	EndGlobalSection
EndGlobal
